
Microsoft Visual Studio Solution File, Format Version 12.00
# Visual Studio Version 17
VisualStudioVersion = 17.4.33205.214
MinimumVisualStudioVersion = 10.0.40219.1
Project("{9A19103F-16F7-4668-BE54-9A1E7A4F7556}") = "storage-api-service", "storage-api-service\storage-api-service.csproj", "{B5FAA4AE-8C00-4857-980B-5553F292F0EA}"
EndProject
Project("{FAE04EC0-301F-11D3-BF4B-00C04F79EFBC}") = "storage-api-service.Models", "storage-api-service.Models\storage-api-service.Models.csproj", "{FE8CAD25-E12B-45FE-B5CD-EC6E90EC5DFA}"
EndProject
Project("{FAE04EC0-301F-11D3-BF4B-00C04F79EFBC}") = "storage-api-service.DataAccess", "storage-api-service.DataAccess\storage-api-service.DataAccess.csproj", "{0ADE00C4-469A-4CF1-9771-722161251EE5}"
EndProject
Project("{FAE04EC0-301F-11D3-BF4B-00C04F79EFBC}") = "storage-api-service.Services", "storage-api-service.Services\storage-api-service.Services.csproj", "{E1519644-1477-47E5-8107-5AB26DD25535}"
EndProject
Project("{FAE04EC0-301F-11D3-BF4B-00C04F79EFBC}") = "storage-api-service.Tests", "storage-api-service.Tests\storage-api-service.Tests.csproj", "{0A99B0EB-0EFB-4429-A6D1-D204B35C0B86}"
EndProject
Global
	GlobalSection(SolutionConfigurationPlatforms) = preSolution
		Debug|Any CPU = Debug|Any CPU
		Release|Any CPU = Release|Any CPU
	EndGlobalSection
	GlobalSection(ProjectConfigurationPlatforms) = postSolution
		{B5FAA4AE-8C00-4857-980B-5553F292F0EA}.Debug|Any CPU.ActiveCfg = Debug|Any CPU
		{B5FAA4AE-8C00-4857-980B-5553F292F0EA}.Debug|Any CPU.Build.0 = Debug|Any CPU
		{B5FAA4AE-8C00-4857-980B-5553F292F0EA}.Release|Any CPU.ActiveCfg = Release|Any CPU
		{B5FAA4AE-8C00-4857-980B-5553F292F0EA}.Release|Any CPU.Build.0 = Release|Any CPU
		{FE8CAD25-E12B-45FE-B5CD-EC6E90EC5DFA}.Debug|Any CPU.ActiveCfg = Debug|Any CPU
		{FE8CAD25-E12B-45FE-B5CD-EC6E90EC5DFA}.Debug|Any CPU.Build.0 = Debug|Any CPU
		{FE8CAD25-E12B-45FE-B5CD-EC6E90EC5DFA}.Release|Any CPU.ActiveCfg = Release|Any CPU
		{FE8CAD25-E12B-45FE-B5CD-EC6E90EC5DFA}.Release|Any CPU.Build.0 = Release|Any CPU
		{0ADE00C4-469A-4CF1-9771-722161251EE5}.Debug|Any CPU.ActiveCfg = Debug|Any CPU
		{0ADE00C4-469A-4CF1-9771-722161251EE5}.Debug|Any CPU.Build.0 = Debug|Any CPU
		{0ADE00C4-469A-4CF1-9771-722161251EE5}.Release|Any CPU.ActiveCfg = Release|Any CPU
		{0ADE00C4-469A-4CF1-9771-722161251EE5}.Release|Any CPU.Build.0 = Release|Any CPU
		{E1519644-1477-47E5-8107-5AB26DD25535}.Debug|Any CPU.ActiveCfg = Debug|Any CPU
		{E1519644-1477-47E5-8107-5AB26DD25535}.Debug|Any CPU.Build.0 = Debug|Any CPU
		{E1519644-1477-47E5-8107-5AB26DD25535}.Release|Any CPU.ActiveCfg = Release|Any CPU
		{E1519644-1477-47E5-8107-5AB26DD25535}.Release|Any CPU.Build.0 = Release|Any CPU
		{0A99B0EB-0EFB-4429-A6D1-D204B35C0B86}.Debug|Any CPU.ActiveCfg = Debug|Any CPU
		{0A99B0EB-0EFB-4429-A6D1-D204B35C0B86}.Debug|Any CPU.Build.0 = Debug|Any CPU
		{0A99B0EB-0EFB-4429-A6D1-D204B35C0B86}.Release|Any CPU.ActiveCfg = Release|Any CPU
		{0A99B0EB-0EFB-4429-A6D1-D204B35C0B86}.Release|Any CPU.Build.0 = Release|Any CPU
	EndGlobalSection
	GlobalSection(SolutionProperties) = preSolution
		HideSolutionNode = FALSE
	EndGlobalSection
	GlobalSection(ExtensibilityGlobals) = postSolution
		SolutionGuid = {F31AADB8-20D8-46DE-B03F-F5224042C2C1}
	EndGlobalSection
EndGlobal
